Microsoft Visual Studio Solution File, Format Version 12.00
# Visual Studio Version 17
VisualStudioVersion = 17.5.2.0
MinimumVisualStudioVersion = 10.0.40219.1
Project("{2150E333-8FDC-42A3-9474-1A3956D46DE8}") = "MemoryGameApi", "MemoryGameApi", "{FEB4F0E7-DCBD-88A2-8006-D77D06F7A30D}"
EndProject
Project("{FAE04EC0-301F-11D3-BF4B-00C04F79EFBC}") = "MemoryGameApi", "MemoryGameApi\MemoryGameApi.csproj", "{EBFC51E6-F21D-4A9A-5F61-710B3F38DA93}"
EndProject
Global
	GlobalSection(SolutionConfigurationPlatforms) = preSolution
		Debug|Any CPU = Debug|Any CPU
		Release|Any CPU = Release|Any CPU
	EndGlobalSection
	GlobalSection(ProjectConfigurationPlatforms) = postSolution
		{EBFC51E6-F21D-4A9A-5F61-710B3F38DA93}.Debug|Any CPU.ActiveCfg = Debug|Any CPU
		{EBFC51E6-F21D-4A9A-5F61-710B3F38DA93}.Debug|Any CPU.Build.0 = Debug|Any CPU
		{EBFC51E6-F21D-4A9A-5F61-710B3F38DA93}.Release|Any CPU.ActiveCfg = Release|Any CPU
		{EBFC51E6-F21D-4A9A-5F61-710B3F38DA93}.Release|Any CPU.Build.0 = Release|Any CPU
	EndGlobalSection
	GlobalSection(SolutionProperties) = preSolution
		HideSolutionNode = FALSE
	EndGlobalSection
	GlobalSection(NestedProjects) = preSolution
		{EBFC51E6-F21D-4A9A-5F61-710B3F38DA93} = {FEB4F0E7-DCBD-88A2-8006-D77D06F7A30D}
	EndGlobalSection
	GlobalSection(ExtensibilityGlobals) = postSolution
		SolutionGuid = {EACC491E-7170-4237-923B-5F4DAA95100A}
	EndGlobalSection
EndGlobal
